// !$*UTF8*$!
{
	archiveVersion = 1;
	classes = {
	};
	objectVersion = 52;
	objects = {

/* Begin PBXBuildFile section */
		98395D0D2947A5BB0071D5DF /* GoogleService-Info.plist in Resources */ = {isa = PBXBuildFile; fileRef = 98395D0C2947A5BA0071D5DF /* GoogleService-Info.plist */; };
		98395D102947AA630071D5DF /* FirebaseAuthManager.swift in Sources */ = {isa = PBXBuildFile; fileRef = 98395D0F2947AA630071D5DF /* FirebaseAuthManager.swift */; };
		98395D13294CE74D0071D5DF /* MockData.swift in Sources */ = {isa = PBXBuildFile; fileRef = 98395D12294CE74D0071D5DF /* MockData.swift */; };
		98395D15294F15E90071D5DF /* LoadingVC.swift in Sources */ = {isa = PBXBuildFile; fileRef = 98395D14294F15E90071D5DF /* LoadingVC.swift */; };
		98395D18294F24D40071D5DF /* HomeVC+Delegates.swift in Sources */ = {isa = PBXBuildFile; fileRef = 98395D17294F24D40071D5DF /* HomeVC+Delegates.swift */; };
		98395D1A294F25530071D5DF /* RecentLocationCell.swift in Sources */ = {isa = PBXBuildFile; fileRef = 98395D19294F25530071D5DF /* RecentLocationCell.swift */; };
		98395D1C294F9F260071D5DF /* HomeHeaderView.swift in Sources */ = {isa = PBXBuildFile; fileRef = 98395D1B294F9F260071D5DF /* HomeHeaderView.swift */; };
		98395D1E294FA28C0071D5DF /* PromoAdView.swift in Sources */ = {isa = PBXBuildFile; fileRef = 98395D1D294FA28C0071D5DF /* PromoAdView.swift */; };
		98395D20294FDC6D0071D5DF /* UberOptionCollectionCell.swift in Sources */ = {isa = PBXBuildFile; fileRef = 98395D1F294FDC6D0071D5DF /* UberOptionCollectionCell.swift */; };
		98395D222950F21F0071D5DF /* SearchLocationView.swift in Sources */ = {isa = PBXBuildFile; fileRef = 98395D212950F21E0071D5DF /* SearchLocationView.swift */; };
		98395D242950F4120071D5DF /* ReserveRideView.swift in Sources */ = {isa = PBXBuildFile; fileRef = 98395D232950F4120071D5DF /* ReserveRideView.swift */; };
		98395D262950FC360071D5DF /* HomeFooterView.swift in Sources */ = {isa = PBXBuildFile; fileRef = 98395D252950FC360071D5DF /* HomeFooterView.swift */; };
		98395D2B2950FFCB0071D5DF /* UberMoveTextBold.otf in Resources */ = {isa = PBXBuildFile; fileRef = 98395D282950FF5E0071D5DF /* UberMoveTextBold.otf */; };
		98395D2C2950FFCB0071D5DF /* UberMoveTextLight.otf in Resources */ = {isa = PBXBuildFile; fileRef = 98395D292950FF5E0071D5DF /* UberMoveTextLight.otf */; };
		98395D2D2950FFCB0071D5DF /* UberMoveTextMedium.otf in Resources */ = {isa = PBXBuildFile; fileRef = 98395D2A2950FF5F0071D5DF /* UberMoveTextMedium.otf */; };
		98395D2E2950FFCB0071D5DF /* UberMoveTextRegular.otf in Resources */ = {isa = PBXBuildFile; fileRef = 98395D272950FF5E0071D5DF /* UberMoveTextRegular.otf */; };
		9842F0312932BA6A00AD73D8 /* PhoneVerificationVC.swift in Sources */ = {isa = PBXBuildFile; fileRef = 9842F0302932BA6A00AD73D8 /* PhoneVerificationVC.swift */; };
		9842F0332932BA7B00AD73D8 /* CodeVerificationVC.swift in Sources */ = {isa = PBXBuildFile; fileRef = 9842F0322932BA7B00AD73D8 /* CodeVerificationVC.swift */; };
		9842F0362932C78000AD73D8 /* CHIOTPField in Frameworks */ = {isa = PBXBuildFile; productRef = 9842F0352932C78000AD73D8 /* CHIOTPField */; };
		98450BA82928230C0065C260 /* TabBarVC.swift in Sources */ = {isa = PBXBuildFile; fileRef = 98450BA72928230C0065C260 /* TabBarVC.swift */; };
		98450BAA2928FA4E0065C260 /* UIViewController+Ext.swift in Sources */ = {isa = PBXBuildFile; fileRef = 98450BA92928FA4E0065C260 /* UIViewController+Ext.swift */; };
		98450BAD2929303F0065C260 /* HomeVC.swift in Sources */ = {isa = PBXBuildFile; fileRef = 98450BAC2929303F0065C260 /* HomeVC.swift */; };
		98450BAF292930540065C260 /* ActivityVC.swift in Sources */ = {isa = PBXBuildFile; fileRef = 98450BAE292930540065C260 /* ActivityVC.swift */; };
		98450BB1292930660065C260 /* AccountVC.swift in Sources */ = {isa = PBXBuildFile; fileRef = 98450BB0292930660065C260 /* AccountVC.swift */; };
		98450BB9292935B70065C260 /* SafetyVC.swift in Sources */ = {isa = PBXBuildFile; fileRef = 98450BB8292935B70065C260 /* SafetyVC.swift */; };
		98450BBB292936510065C260 /* WelcomeVC.swift in Sources */ = {isa = PBXBuildFile; fileRef = 98450BBA292936510065C260 /* WelcomeVC.swift */; };
		98450BBD292AEDE10065C260 /* Helpers.swift in Sources */ = {isa = PBXBuildFile; fileRef = 98450BBC292AEDE10065C260 /* Helpers.swift */; };
		9896EFD6292B7A3C00A7248D /* UILabel+Ext.swift in Sources */ = {isa = PBXBuildFile; fileRef = 9896EFD5292B7A3C00A7248D /* UILabel+Ext.swift */; };
		98C97A1729253D640078608A /* UIView+Ext.swift in Sources */ = {isa = PBXBuildFile; fileRef = 98C97A1629253D640078608A /* UIView+Ext.swift */; };
		98C97A1929253DB90078608A /* Color.swift in Sources */ = {isa = PBXBuildFile; fileRef = 98C97A1829253DB90078608A /* Color.swift */; };
		98C97A1B2925446A0078608A /* UberButton.swift in Sources */ = {isa = PBXBuildFile; fileRef = 98C97A1A292544690078608A /* UberButton.swift */; };
		98C97A1E29255ECB0078608A /* UberImageButton.swift in Sources */ = {isa = PBXBuildFile; fileRef = 98C97A1D29255ECB0078608A /* UberImageButton.swift */; };
		98E1453E2926EBA200B965F2 /* UberTextField.swift in Sources */ = {isa = PBXBuildFile; fileRef = 98E1453D2926EBA200B965F2 /* UberTextField.swift */; };
		98E145402926ED0500B965F2 /* LoginVC.swift in Sources */ = {isa = PBXBuildFile; fileRef = 98E1453F2926ED0500B965F2 /* LoginVC.swift */; };
		98E145422926FB2D00B965F2 /* RegisterVC.swift in Sources */ = {isa = PBXBuildFile; fileRef = 98E145412926FB2D00B965F2 /* RegisterVC.swift */; };
		98E6D6612936228E0056F7DA /* FirebaseAnalytics in Frameworks */ = {isa = PBXBuildFile; productRef = 98E6D6602936228E0056F7DA /* FirebaseAnalytics */; };
		98E6D6632936228E0056F7DA /* FirebaseStorage in Frameworks */ = {isa = PBXBuildFile; productRef = 98E6D6622936228E0056F7DA /* FirebaseStorage */; };
		98E6D6652936228E0056F7DA /* FirebaseAuth in Frameworks */ = {isa = PBXBuildFile; productRef = 98E6D6642936228E0056F7DA /* FirebaseAuth */; };
		98E6D6672936228E0056F7DA /* FirebaseFirestore in Frameworks */ = {isa = PBXBuildFile; productRef = 98E6D6662936228E0056F7DA /* FirebaseFirestore */; };
		98E6D6692936228E0056F7DA /* FirebaseDatabase in Frameworks */ = {isa = PBXBuildFile; productRef = 98E6D6682936228E0056F7DA /* FirebaseDatabase */; };
		98E901572924E3A0003F8ABF /* AppDelegate.swift in Sources */ = {isa = PBXBuildFile; fileRef = 98E901562924E3A0003F8ABF /* AppDelegate.swift */; };
		98E901592924E3A0003F8ABF /* SceneDelegate.swift in Sources */ = {isa = PBXBuildFile; fileRef = 98E901582924E3A0003F8ABF /* SceneDelegate.swift */; };
		98E9015B2924E3A0003F8ABF /* OnboardVC.swift in Sources */ = {isa = PBXBuildFile; fileRef = 98E9015A2924E3A0003F8ABF /* OnboardVC.swift */; };
		98E901602924E3A5003F8ABF /* Assets.xcassets in Resources */ = {isa = PBXBuildFile; fileRef = 98E9015F2924E3A5003F8ABF /* Assets.xcassets */; };
		98E901632924E3A5003F8ABF /* LaunchScreen.storyboard in Resources */ = {isa = PBXBuildFile; fileRef = 98E901612924E3A5003F8ABF /* LaunchScreen.storyboard */; };
		98E9017D2924E9DF003F8ABF /* Font.swift in Sources */ = {isa = PBXBuildFile; fileRef = 98E9017C2924E9DF003F8ABF /* Font.swift */; };
		98FCCDCD29365444008AAF61 /* GeoFire in Frameworks */ = {isa = PBXBuildFile; productRef = 98FCCDCC29365444008AAF61 /* GeoFire */; };
/* End PBXBuildFile section */

/* Begin PBXFileReference section */
		98395D0C2947A5BA0071D5DF /* GoogleService-Info.plist */ = {isa = PBXFileReference; fileEncoding = 4; lastKnownFileType = text.plist.xml; path = "GoogleService-Info.plist"; sourceTree = "<group>"; };
		98395D0F2947AA630071D5DF /* FirebaseAuthManager.swift */ = {isa = PBXFileReference; lastKnownFileType = sourcecode.swift; path = FirebaseAuthManager.swift; sourceTree = "<group>"; };
		98395D12294CE74D0071D5DF /* MockData.swift */ = {isa = PBXFileReference; lastKnownFileType = sourcecode.swift; path = MockData.swift; sourceTree = "<group>"; };
		98395D14294F15E90071D5DF /* LoadingVC.swift */ = {isa = PBXFileReference; lastKnownFileType = sourcecode.swift; path = LoadingVC.swift; sourceTree = "<group>"; };
		98395D17294F24D40071D5DF /* HomeVC+Delegates.swift */ = {isa = PBXFileReference; lastKnownFileType = sourcecode.swift; path = "HomeVC+Delegates.swift"; sourceTree = "<group>"; };
		98395D19294F25530071D5DF /* RecentLocationCell.swift */ = {isa = PBXFileReference; lastKnownFileType = sourcecode.swift; path = RecentLocationCell.swift; sourceTree = "<group>"; };
		98395D1B294F9F260071D5DF /* HomeHeaderView.swift */ = {isa = PBXFileReference; lastKnownFileType = sourcecode.swift; path = HomeHeaderView.swift; sourceTree = "<group>"; };
		98395D1D294FA28C0071D5DF /* PromoAdView.swift */ = {isa = PBXFileReference; lastKnownFileType = sourcecode.swift; path = PromoAdView.swift; sourceTree = "<group>"; };
		98395D1F294FDC6D0071D5DF /* UberOptionCollectionCell.swift */ = {isa = PBXFileReference; lastKnownFileType = sourcecode.swift; path = UberOptionCollectionCell.swift; sourceTree = "<group>"; };
		98395D212950F21E0071D5DF /* SearchLocationView.swift */ = {isa = PBXFileReference; lastKnownFileType = sourcecode.swift; path = SearchLocationView.swift; sourceTree = "<group>"; };
		98395D232950F4120071D5DF /* ReserveRideView.swift */ = {isa = PBXFileReference; lastKnownFileType = sourcecode.swift; path = ReserveRideView.swift; sourceTree = "<group>"; };
		98395D252950FC360071D5DF /* HomeFooterView.swift */ = {isa = PBXFileReference; lastKnownFileType = sourcecode.swift; path = HomeFooterView.swift; sourceTree = "<group>"; };
		98395D272950FF5E0071D5DF /* UberMoveTextRegular.otf */ = {isa = PBXFileReference; lastKnownFileType = file; path = UberMoveTextRegular.otf; sourceTree = "<group>"; };
		98395D282950FF5E0071D5DF /* UberMoveTextBold.otf */ = {isa = PBXFileReference; lastKnownFileType = file; path = UberMoveTextBold.otf; sourceTree = "<group>"; };
		98395D292950FF5E0071D5DF /* UberMoveTextLight.otf */ = {isa = PBXFileReference; lastKnownFileType = file; path = UberMoveTextLight.otf; sourceTree = "<group>"; };
		98395D2A2950FF5F0071D5DF /* UberMoveTextMedium.otf */ = {isa = PBXFileReference; lastKnownFileType = file; path = UberMoveTextMedium.otf; sourceTree = "<group>"; };
		9842F0302932BA6A00AD73D8 /* PhoneVerificationVC.swift */ = {isa = PBXFileReference; lastKnownFileType = sourcecode.swift; path = PhoneVerificationVC.swift; sourceTree = "<group>"; };
		9842F0322932BA7B00AD73D8 /* CodeVerificationVC.swift */ = {isa = PBXFileReference; lastKnownFileType = sourcecode.swift; path = CodeVerificationVC.swift; sourceTree = "<group>"; };
		98450BA72928230C0065C260 /* TabBarVC.swift */ = {isa = PBXFileReference; lastKnownFileType = sourcecode.swift; path = TabBarVC.swift; sourceTree = "<group>"; };
		98450BA92928FA4E0065C260 /* UIViewController+Ext.swift */ = {isa = PBXFileReference; lastKnownFileType = sourcecode.swift; path = "UIViewController+Ext.swift"; sourceTree = "<group>"; };
		98450BAC2929303F0065C260 /* HomeVC.swift */ = {isa = PBXFileReference; lastKnownFileType = sourcecode.swift; path = HomeVC.swift; sourceTree = "<group>"; };
		98450BAE292930540065C260 /* ActivityVC.swift */ = {isa = PBXFileReference; lastKnownFileType = sourcecode.swift; path = ActivityVC.swift; sourceTree = "<group>"; };
		98450BB0292930660065C260 /* AccountVC.swift */ = {isa = PBXFileReference; lastKnownFileType = sourcecode.swift; path = AccountVC.swift; sourceTree = "<group>"; };
		98450BB8292935B70065C260 /* SafetyVC.swift */ = {isa = PBXFileReference; lastKnownFileType = sourcecode.swift; path = SafetyVC.swift; sourceTree = "<group>"; };
		98450BBA292936510065C260 /* WelcomeVC.swift */ = {isa = PBXFileReference; lastKnownFileType = sourcecode.swift; path = WelcomeVC.swift; sourceTree = "<group>"; };
		98450BBC292AEDE10065C260 /* Helpers.swift */ = {isa = PBXFileReference; lastKnownFileType = sourcecode.swift; path = Helpers.swift; sourceTree = "<group>"; };
		9896EFD5292B7A3C00A7248D /* UILabel+Ext.swift */ = {isa = PBXFileReference; lastKnownFileType = sourcecode.swift; path = "UILabel+Ext.swift"; sourceTree = "<group>"; };
		98C97A1629253D640078608A /* UIView+Ext.swift */ = {isa = PBXFileReference; lastKnownFileType = sourcecode.swift; path = "UIView+Ext.swift"; sourceTree = "<group>"; };
		98C97A1829253DB90078608A /* Color.swift */ = {isa = PBXFileReference; lastKnownFileType = sourcecode.swift; path = Color.swift; sourceTree = "<group>"; };
		98C97A1A292544690078608A /* UberButton.swift */ = {isa = PBXFileReference; lastKnownFileType = sourcecode.swift; path = UberButton.swift; sourceTree = "<group>"; };
		98C97A1D29255ECB0078608A /* UberImageButton.swift */ = {isa = PBXFileReference; lastKnownFileType = sourcecode.swift; path = UberImageButton.swift; sourceTree = "<group>"; };
		98E1453D2926EBA200B965F2 /* UberTextField.swift */ = {isa = PBXFileReference; lastKnownFileType = sourcecode.swift; path = UberTextField.swift; sourceTree = "<group>"; };
		98E1453F2926ED0500B965F2 /* LoginVC.swift */ = {isa = PBXFileReference; lastKnownFileType = sourcecode.swift; path = LoginVC.swift; sourceTree = "<group>"; };
		98E145412926FB2D00B965F2 /* RegisterVC.swift */ = {isa = PBXFileReference; lastKnownFileType = sourcecode.swift; path = RegisterVC.swift; sourceTree = "<group>"; };
		98E901532924E3A0003F8ABF /* Uber.app */ = {isa = PBXFileReference; explicitFileType = wrapper.application; includeInIndex = 0; path = Uber.app; sourceTree = BUILT_PRODUCTS_DIR; };
		98E901562924E3A0003F8ABF /* AppDelegate.swift */ = {isa = PBXFileReference; lastKnownFileType = sourcecode.swift; path = AppDelegate.swift; sourceTree = "<group>"; };
		98E901582924E3A0003F8ABF /* SceneDelegate.swift */ = {isa = PBXFileReference; lastKnownFileType = sourcecode.swift; path = SceneDelegate.swift; sourceTree = "<group>"; };
		98E9015A2924E3A0003F8ABF /* OnboardVC.swift */ = {isa = PBXFileReference; lastKnownFileType = sourcecode.swift; path = OnboardVC.swift; sourceTree = "<group>"; };
		98E9015F2924E3A5003F8ABF /* Assets.xcassets */ = {isa = PBXFileReference; lastKnownFileType = folder.assetcatalog; path = Assets.xcassets; sourceTree = "<group>"; };
		98E901622924E3A5003F8ABF /* Base */ = {isa = PBXFileReference; lastKnownFileType = file.storyboard; name = Base; path = Base.lproj/LaunchScreen.storyboard; sourceTree = "<group>"; };
		98E901642924E3A5003F8ABF /* Info.plist */ = {isa = PBXFileReference; lastKnownFileType = text.plist.xml; path = Info.plist; sourceTree = "<group>"; };
		98E9017C2924E9DF003F8ABF /* Font.swift */ = {isa = PBXFileReference; lastKnownFileType = sourcecode.swift; path = Font.swift; sourceTree = "<group>"; };
/* End PBXFileReference section */

/* Begin PBXFrameworksBuildPhase section */
		98E901502924E3A0003F8ABF /* Frameworks */ = {
			isa = PBXFrameworksBuildPhase;
			buildActionMask = 2147483647;
			files = (
				98FCCDCD29365444008AAF61 /* GeoFire in Frameworks */,
				98E6D6692936228E0056F7DA /* FirebaseDatabase in Frameworks */,
				98E6D6612936228E0056F7DA /* FirebaseAnalytics in Frameworks */,
				9842F0362932C78000AD73D8 /* CHIOTPField in Frameworks */,
				98E6D6632936228E0056F7DA /* FirebaseStorage in Frameworks */,
				98E6D6672936228E0056F7DA /* FirebaseFirestore in Frameworks */,
				98E6D6652936228E0056F7DA /* FirebaseAuth in Frameworks */,
			);
			runOnlyForDeploymentPostprocessing = 0;
		};
/* End PBXFrameworksBuildPhase section */

/* Begin PBXGroup section */
		98395D0E2947AA530071D5DF /* Manager */ = {
			isa = PBXGroup;
			children = (
				98395D0F2947AA630071D5DF /* FirebaseAuthManager.swift */,
			);
			path = Manager;
			sourceTree = "<group>";
		};
		98395D11294CE73F0071D5DF /* Models */ = {
			isa = PBXGroup;
			children = (
				98395D12294CE74D0071D5DF /* MockData.swift */,
			);
			path = Models;
			sourceTree = "<group>";
		};
		98395D16294F24650071D5DF /* Home */ = {
			isa = PBXGroup;
			children = (
				98395D19294F25530071D5DF /* RecentLocationCell.swift */,
				98395D1F294FDC6D0071D5DF /* UberOptionCollectionCell.swift */,
			);
			path = Home;
			sourceTree = "<group>";
		};
		98450BAB292930240065C260 /* TabBar */ = {
			isa = PBXGroup;
			children = (
				98450BA72928230C0065C260 /* TabBarVC.swift */,
			);
			path = TabBar;
			sourceTree = "<group>";
		};
		98450BB22929306A0065C260 /* Home */ = {
			isa = PBXGroup;
			children = (
				98450BAC2929303F0065C260 /* HomeVC.swift */,
				98395D17294F24D40071D5DF /* HomeVC+Delegates.swift */,
			);
			path = Home;
			sourceTree = "<group>";
		};
		98450BB32929307B0065C260 /* Activity */ = {
			isa = PBXGroup;
			children = (
				98450BAE292930540065C260 /* ActivityVC.swift */,
			);
			path = Activity;
			sourceTree = "<group>";
		};
		98450BB4292930870065C260 /* Account */ = {
			isa = PBXGroup;
			children = (
				98450BB0292930660065C260 /* AccountVC.swift */,
			);
			path = Account;
			sourceTree = "<group>";
		};
		98450BB5292932F30065C260 /* Home */ = {
			isa = PBXGroup;
			children = (
				98395D1D294FA28C0071D5DF /* PromoAdView.swift */,
				98395D212950F21E0071D5DF /* SearchLocationView.swift */,
				98395D1B294F9F260071D5DF /* HomeHeaderView.swift */,
				98395D252950FC360071D5DF /* HomeFooterView.swift */,
				98395D232950F4120071D5DF /* ReserveRideView.swift */,
			);
			path = Home;
			sourceTree = "<group>";
		};
		98450BB6292932FB0065C260 /* Activity */ = {
			isa = PBXGroup;
			children = (
			);
			path = Activity;
			sourceTree = "<group>";
		};
		98450BB7292933040065C260 /* Account */ = {
			isa = PBXGroup;
			children = (
			);
			path = Account;
			sourceTree = "<group>";
		};
		98C97A1429253D2D0078608A /* Auth */ = {
			isa = PBXGroup;
			children = (
				98E9015A2924E3A0003F8ABF /* OnboardVC.swift */,
				98E1453F2926ED0500B965F2 /* LoginVC.swift */,
				98E145412926FB2D00B965F2 /* RegisterVC.swift */,
				98450BB8292935B70065C260 /* SafetyVC.swift */,
				98450BBA292936510065C260 /* WelcomeVC.swift */,
				9842F0302932BA6A00AD73D8 /* PhoneVerificationVC.swift */,
				9842F0322932BA7B00AD73D8 /* CodeVerificationVC.swift */,
				98395D14294F15E90071D5DF /* LoadingVC.swift */,
			);
			path = Auth;
			sourceTree = "<group>";
		};
		98C97A1529253D320078608A /* Main */ = {
			isa = PBXGroup;
			children = (
				98450BB22929306A0065C260 /* Home */,
				98450BB4292930870065C260 /* Account */,
				98450BB32929307B0065C260 /* Activity */,
			);
			path = Main;
			sourceTree = "<group>";
		};
		98CAC43D293A0D8900B54E04 /* ViewModels */ = {
			isa = PBXGroup;
			children = (
			);
			path = ViewModels;
			sourceTree = "<group>";
		};
		98E9014A2924E3A0003F8ABF = {
			isa = PBXGroup;
			children = (
				98E901552924E3A0003F8ABF /* Uber */,
				98E901542924E3A0003F8ABF /* Products */,
			);
			sourceTree = "<group>";
		};
		98E901542924E3A0003F8ABF /* Products */ = {
			isa = PBXGroup;
			children = (
				98E901532924E3A0003F8ABF /* Uber.app */,
			);
			name = Products;
			sourceTree = "<group>";
		};
		98E901552924E3A0003F8ABF /* Uber */ = {
			isa = PBXGroup;
			children = (
				98395D11294CE73F0071D5DF /* Models */,
				98395D0E2947AA530071D5DF /* Manager */,
				98CAC43D293A0D8900B54E04 /* ViewModels */,
				98E9016F2924E418003F8ABF /* Constants */,
				98E9016E2924E412003F8ABF /* Fonts */,
				98E9016D2924E3D4003F8ABF /* Cells */,
				98E9016C2924E3CE003F8ABF /* Views */,
				98E9016B2924E3C8003F8ABF /* Extensions */,
				98E9016A2924E3C1003F8ABF /* Controllers */,
				98E901562924E3A0003F8ABF /* AppDelegate.swift */,
				98395D0C2947A5BA0071D5DF /* GoogleService-Info.plist */,
				98E901582924E3A0003F8ABF /* SceneDelegate.swift */,
				98E9015F2924E3A5003F8ABF /* Assets.xcassets */,
				98E901612924E3A5003F8ABF /* LaunchScreen.storyboard */,
				98E901642924E3A5003F8ABF /* Info.plist */,
			);
			path = Uber;
			sourceTree = "<group>";
		};
		98E9016A2924E3C1003F8ABF /* Controllers */ = {
			isa = PBXGroup;
			children = (
				98450BAB292930240065C260 /* TabBar */,
				98C97A1529253D320078608A /* Main */,
				98C97A1429253D2D0078608A /* Auth */,
			);
			path = Controllers;
			sourceTree = "<group>";
		};
		98E9016B2924E3C8003F8ABF /* Extensions */ = {
			isa = PBXGroup;
			children = (
				98C97A1629253D640078608A /* UIView+Ext.swift */,
				98450BA92928FA4E0065C260 /* UIViewController+Ext.swift */,
				9896EFD5292B7A3C00A7248D /* UILabel+Ext.swift */,
			);
			path = Extensions;
			sourceTree = "<group>";
		};
		98E9016C2924E3CE003F8ABF /* Views */ = {
			isa = PBXGroup;
			children = (
				98450BB7292933040065C260 /* Account */,
				98450BB6292932FB0065C260 /* Activity */,
				98450BB5292932F30065C260 /* Home */,
				98C97A1A292544690078608A /* UberButton.swift */,
				98C97A1D29255ECB0078608A /* UberImageButton.swift */,
				98E1453D2926EBA200B965F2 /* UberTextField.swift */,
			);
			path = Views;
			sourceTree = "<group>";
		};
		98E9016D2924E3D4003F8ABF /* Cells */ = {
			isa = PBXGroup;
			children = (
				98395D16294F24650071D5DF /* Home */,
			);
			path = Cells;
			sourceTree = "<group>";
		};
		98E9016E2924E412003F8ABF /* Fonts */ = {
			isa = PBXGroup;
			children = (
				98395D282950FF5E0071D5DF /* UberMoveTextBold.otf */,
				98395D292950FF5E0071D5DF /* UberMoveTextLight.otf */,
				98395D2A2950FF5F0071D5DF /* UberMoveTextMedium.otf */,
				98395D272950FF5E0071D5DF /* UberMoveTextRegular.otf */,
			);
			path = Fonts;
			sourceTree = "<group>";
		};
		98E9016F2924E418003F8ABF /* Constants */ = {
			isa = PBXGroup;
			children = (
				98E9017C2924E9DF003F8ABF /* Font.swift */,
				98C97A1829253DB90078608A /* Color.swift */,
				98450BBC292AEDE10065C260 /* Helpers.swift */,
			);
			path = Constants;
			sourceTree = "<group>";
		};
/* End PBXGroup section */

/* Begin PBXNativeTarget section */
		98E901522924E3A0003F8ABF /* Uber */ = {
			isa = PBXNativeTarget;
			buildConfigurationList = 98E901672924E3A5003F8ABF /* Build configuration list for PBXNativeTarget "Uber" */;
			buildPhases = (
				98E9014F2924E3A0003F8ABF /* Sources */,
				98E901502924E3A0003F8ABF /* Frameworks */,
				98E901512924E3A0003F8ABF /* Resources */,
			);
			buildRules = (
			);
			dependencies = (
			);
			name = Uber;
			packageProductDependencies = (
				9842F0352932C78000AD73D8 /* CHIOTPField */,
				98E6D6602936228E0056F7DA /* FirebaseAnalytics */,
				98E6D6622936228E0056F7DA /* FirebaseStorage */,
				98E6D6642936228E0056F7DA /* FirebaseAuth */,
				98E6D6662936228E0056F7DA /* FirebaseFirestore */,
				98E6D6682936228E0056F7DA /* FirebaseDatabase */,
				98FCCDCC29365444008AAF61 /* GeoFire */,
			);
			productName = Uber;
			productReference = 98E901532924E3A0003F8ABF /* Uber.app */;
			productType = "com.apple.product-type.application";
		};
/* End PBXNativeTarget section */

/* Begin PBXProject section */
		98E9014B2924E3A0003F8ABF /* Project object */ = {
			isa = PBXProject;
			attributes = {
				LastSwiftUpdateCheck = 1250;
				LastUpgradeCheck = 1250;
				TargetAttributes = {
					98E901522924E3A0003F8ABF = {
						CreatedOnToolsVersion = 12.5.1;
					};
				};
			};
			buildConfigurationList = 98E9014E2924E3A0003F8ABF /* Build configuration list for PBXProject "Uber" */;
			compatibilityVersion = "Xcode 9.3";
			developmentRegion = en;
			hasScannedForEncodings = 0;
			knownRegions = (
				en,
				Base,
			);
			mainGroup = 98E9014A2924E3A0003F8ABF;
			packageReferences = (
				9842F0342932C78000AD73D8 /* XCRemoteSwiftPackageReference "CHIOTPField" */,
				98E6D65F2936228E0056F7DA /* XCRemoteSwiftPackageReference "firebase-ios-sdk" */,
				98FCCDCB29365444008AAF61 /* XCRemoteSwiftPackageReference "geofire-objc" */,
			);
			productRefGroup = 98E901542924E3A0003F8ABF /* Products */;
			projectDirPath = "";
			projectRoot = "";
			targets = (
				98E901522924E3A0003F8ABF /* Uber */,
			);
		};
/* End PBXProject section */

/* Begin PBXResourcesBuildPhase section */
		98E901512924E3A0003F8ABF /* Resources */ = {
			isa = PBXResourcesBuildPhase;
			buildActionMask = 2147483647;
			files = (
				98395D2B2950FFCB0071D5DF /* UberMoveTextBold.otf in Resources */,
				98395D2C2950FFCB0071D5DF /* UberMoveTextLight.otf in Resources */,
				98395D2D2950FFCB0071D5DF /* UberMoveTextMedium.otf in Resources */,
				98395D2E2950FFCB0071D5DF /* UberMoveTextRegular.otf in Resources */,
				98E901632924E3A5003F8ABF /* LaunchScreen.storyboard in Resources */,
				98E901602924E3A5003F8ABF /* Assets.xcassets in Resources */,
				98395D0D2947A5BB0071D5DF /* GoogleService-Info.plist in Resources */,
			);
			runOnlyForDeploymentPostprocessing = 0;
		};
/* End PBXResourcesBuildPhase section */

/* Begin PBXSourcesBuildPhase section */
		98E9014F2924E3A0003F8ABF /* Sources */ = {
			isa = PBXSourcesBuildPhase;
			buildActionMask = 2147483647;
			files = (
				98395D1C294F9F260071D5DF /* HomeHeaderView.swift in Sources */,
				98450BB1292930660065C260 /* AccountVC.swift in Sources */,
				98395D1A294F25530071D5DF /* RecentLocationCell.swift in Sources */,
				98395D102947AA630071D5DF /* FirebaseAuthManager.swift in Sources */,
				98450BBD292AEDE10065C260 /* Helpers.swift in Sources */,
				98E9017D2924E9DF003F8ABF /* Font.swift in Sources */,
				98450BAD2929303F0065C260 /* HomeVC.swift in Sources */,
				98450BAA2928FA4E0065C260 /* UIViewController+Ext.swift in Sources */,
				98450BB9292935B70065C260 /* SafetyVC.swift in Sources */,
				98E9015B2924E3A0003F8ABF /* OnboardVC.swift in Sources */,
				98C97A1729253D640078608A /* UIView+Ext.swift in Sources */,
				98395D242950F4120071D5DF /* ReserveRideView.swift in Sources */,
				98395D262950FC360071D5DF /* HomeFooterView.swift in Sources */,
				98E901572924E3A0003F8ABF /* AppDelegate.swift in Sources */,
				98450BAF292930540065C260 /* ActivityVC.swift in Sources */,
				98E145422926FB2D00B965F2 /* RegisterVC.swift in Sources */,
				98E145402926ED0500B965F2 /* LoginVC.swift in Sources */,
				98C97A1B2925446A0078608A /* UberButton.swift in Sources */,
				98C97A1E29255ECB0078608A /* UberImageButton.swift in Sources */,
				9842F0332932BA7B00AD73D8 /* CodeVerificationVC.swift in Sources */,
				9896EFD6292B7A3C00A7248D /* UILabel+Ext.swift in Sources */,
				98E901592924E3A0003F8ABF /* SceneDelegate.swift in Sources */,
				98C97A1929253DB90078608A /* Color.swift in Sources */,
				98395D1E294FA28C0071D5DF /* PromoAdView.swift in Sources */,
				98395D20294FDC6D0071D5DF /* UberOptionCollectionCell.swift in Sources */,
				98450BBB292936510065C260 /* WelcomeVC.swift in Sources */,
				98395D18294F24D40071D5DF /* HomeVC+Delegates.swift in Sources */,
				98395D13294CE74D0071D5DF /* MockData.swift in Sources */,
				98450BA82928230C0065C260 /* TabBarVC.swift in Sources */,
				98E1453E2926EBA200B965F2 /* UberTextField.swift in Sources */,
				98395D222950F21F0071D5DF /* SearchLocationView.swift in Sources */,
				9842F0312932BA6A00AD73D8 /* PhoneVerificationVC.swift in Sources */,
				98395D15294F15E90071D5DF /* LoadingVC.swift in Sources */,
			);
			runOnlyForDeploymentPostprocessing = 0;
		};
/* End PBXSourcesBuildPhase section */

/* Begin PBXVariantGroup section */
		98E901612924E3A5003F8ABF /* LaunchScreen.storyboard */ = {
			isa = PBXVariantGroup;
			children = (
				98E901622924E3A5003F8ABF /* Base */,
			);
			name = LaunchScreen.storyboard;
			sourceTree = "<group>";
		};
/* End PBXVariantGroup section */

/* Begin XCBuildConfiguration section */
		98E901652924E3A5003F8ABF /* Debug */ = {
			isa = XCBuildConfiguration;
			buildSettings = {
				ALWAYS_SEARCH_USER_PATHS = NO;
				CLANG_ANALYZER_NONNULL = YES;
				CLANG_ANALYZER_NUMBER_OBJECT_CONVERSION = YES_AGGRESSIVE;
				CLANG_CXX_LANGUAGE_STANDARD = "gnu++14";
				CLANG_CXX_LIBRARY = "libc++";
				CLANG_ENABLE_MODULES = YES;
				CLANG_ENABLE_OBJC_ARC = YES;
				CLANG_ENABLE_OBJC_WEAK = YES;
				CLANG_WARN_BLOCK_CAPTURE_AUTORELEASING = YES;
				CLANG_WARN_BOOL_CONVERSION = YES;
				CLANG_WARN_COMMA = YES;
				CLANG_WARN_CONSTANT_CONVERSION = YES;
				CLANG_WARN_DEPRECATED_OBJC_IMPLEMENTATIONS = YES;
				CLANG_WARN_DIRECT_OBJC_ISA_USAGE = YES_ERROR;
				CLANG_WARN_DOCUMENTATION_COMMENTS = YES;
				CLANG_WARN_EMPTY_BODY = YES;
				CLANG_WARN_ENUM_CONVERSION = YES;
				CLANG_WARN_INFINITE_RECURSION = YES;
				CLANG_WARN_INT_CONVERSION = YES;
				CLANG_WARN_NON_LITERAL_NULL_CONVERSION = YES;
				CLANG_WARN_OBJC_IMPLICIT_RETAIN_SELF = YES;
				CLANG_WARN_OBJC_LITERAL_CONVERSION = YES;
				CLANG_WARN_OBJC_ROOT_CLASS = YES_ERROR;
				CLANG_WARN_QUOTED_INCLUDE_IN_FRAMEWORK_HEADER = YES;
				CLANG_WARN_RANGE_LOOP_ANALYSIS = YES;
				CLANG_WARN_STRICT_PROTOTYPES = YES;
				CLANG_WARN_SUSPICIOUS_MOVE = YES;
				CLANG_WARN_UNGUARDED_AVAILABILITY = YES_AGGRESSIVE;
				CLANG_WARN_UNREACHABLE_CODE = YES;
				CLANG_WARN__DUPLICATE_METHOD_MATCH = YES;
				COPY_PHASE_STRIP = NO;
				DEBUG_INFORMATION_FORMAT = dwarf;
				ENABLE_STRICT_OBJC_MSGSEND = YES;
				ENABLE_TESTABILITY = YES;
				GCC_C_LANGUAGE_STANDARD = gnu11;
				GCC_DYNAMIC_NO_PIC = NO;
				GCC_NO_COMMON_BLOCKS = YES;
				GCC_OPTIMIZATION_LEVEL = 0;
				GCC_PREPROCESSOR_DEFINITIONS = (
					"DEBUG=1",
					"$(inherited)",
				);
				GCC_WARN_64_TO_32_BIT_CONVERSION = YES;
				GCC_WARN_ABOUT_RETURN_TYPE = YES_ERROR;
				GCC_WARN_UNDECLARED_SELECTOR = YES;
				GCC_WARN_UNINITIALIZED_AUTOS = YES_AGGRESSIVE;
				GCC_WARN_UNUSED_FUNCTION = YES;
				GCC_WARN_UNUSED_VARIABLE = YES;
				IPHONEOS_DEPLOYMENT_TARGET = 14.5;
				MTL_ENABLE_DEBUG_INFO = INCLUDE_SOURCE;
				MTL_FAST_MATH = YES;
				ONLY_ACTIVE_ARCH = YES;
				SDKROOT = iphoneos;
				SWIFT_ACTIVE_COMPILATION_CONDITIONS = DEBUG;
				SWIFT_OPTIMIZATION_LEVEL = "-Onone";
			};
			name = Debug;
		};
		98E901662924E3A5003F8ABF /* Release */ = {
			isa = XCBuildConfiguration;
			buildSettings = {
				ALWAYS_SEARCH_USER_PATHS = NO;
				CLANG_ANALYZER_NONNULL = YES;
				CLANG_ANALYZER_NUMBER_OBJECT_CONVERSION = YES_AGGRESSIVE;
				CLANG_CXX_LANGUAGE_STANDARD = "gnu++14";
				CLANG_CXX_LIBRARY = "libc++";
				CLANG_ENABLE_MODULES = YES;
				CLANG_ENABLE_OBJC_ARC = YES;
				CLANG_ENABLE_OBJC_WEAK = YES;
				CLANG_WARN_BLOCK_CAPTURE_AUTORELEASING = YES;
				CLANG_WARN_BOOL_CONVERSION = YES;
				CLANG_WARN_COMMA = YES;
				CLANG_WARN_CONSTANT_CONVERSION = YES;
				CLANG_WARN_DEPRECATED_OBJC_IMPLEMENTATIONS = YES;
				CLANG_WARN_DIRECT_OBJC_ISA_USAGE = YES_ERROR;
				CLANG_WARN_DOCUMENTATION_COMMENTS = YES;
				CLANG_WARN_EMPTY_BODY = YES;
				CLANG_WARN_ENUM_CONVERSION = YES;
				CLANG_WARN_INFINITE_RECURSION = YES;
				CLANG_WARN_INT_CONVERSION = YES;
				CLANG_WARN_NON_LITERAL_NULL_CONVERSION = YES;
				CLANG_WARN_OBJC_IMPLICIT_RETAIN_SELF = YES;
				CLANG_WARN_OBJC_LITERAL_CONVERSION = YES;
				CLANG_WARN_OBJC_ROOT_CLASS = YES_ERROR;
				CLANG_WARN_QUOTED_INCLUDE_IN_FRAMEWORK_HEADER = YES;
				CLANG_WARN_RANGE_LOOP_ANALYSIS = YES;
				CLANG_WARN_STRICT_PROTOTYPES = YES;
				CLANG_WARN_SUSPICIOUS_MOVE = YES;
				CLANG_WARN_UNGUARDED_AVAILABILITY = YES_AGGRESSIVE;
				CLANG_WARN_UNREACHABLE_CODE = YES;
				CLANG_WARN__DUPLICATE_METHOD_MATCH = YES;
				COPY_PHASE_STRIP = NO;
				DEBUG_INFORMATION_FORMAT = "dwarf-with-dsym";
				ENABLE_NS_ASSERTIONS = NO;
				ENABLE_STRICT_OBJC_MSGSEND = YES;
				GCC_C_LANGUAGE_STANDARD = gnu11;
				GCC_NO_COMMON_BLOCKS = YES;
				GCC_WARN_64_TO_32_BIT_CONVERSION = YES;
				GCC_WARN_ABOUT_RETURN_TYPE = YES_ERROR;
				GCC_WARN_UNDECLARED_SELECTOR = YES;
				GCC_WARN_UNINITIALIZED_AUTOS = YES_AGGRESSIVE;
				GCC_WARN_UNUSED_FUNCTION = YES;
				GCC_WARN_UNUSED_VARIABLE = YES;
				IPHONEOS_DEPLOYMENT_TARGET = 14.5;
				MTL_ENABLE_DEBUG_INFO = NO;
				MTL_FAST_MATH = YES;
				SDKROOT = iphoneos;
				SWIFT_COMPILATION_MODE = wholemodule;
				SWIFT_OPTIMIZATION_LEVEL = "-O";
				VALIDATE_PRODUCT = YES;
			};
			name = Release;
		};
		98E901682924E3A5003F8ABF /* Debug */ = {
			isa = XCBuildConfiguration;
			buildSettings = {
				ASSETCATALOG_COMPILER_APPICON_NAME = AppIcon;
				ASSETCATALOG_COMPILER_GLOBAL_ACCENT_COLOR_NAME = AccentColor;
				CODE_SIGN_STYLE = Automatic;
				DEVELOPMENT_TEAM = 445LZL99JS;
				INFOPLIST_FILE = Uber/Info.plist;
				LD_RUNPATH_SEARCH_PATHS = (
					"$(inherited)",
					"@executable_path/Frameworks",
				);
				PRODUCT_BUNDLE_IDENTIFIER = com.project.uber;
				PRODUCT_NAME = "$(TARGET_NAME)";
				SWIFT_VERSION = 5.0;
				TARGETED_DEVICE_FAMILY = "1,2";
			};
			name = Debug;
		};
		98E901692924E3A5003F8ABF /* Release */ = {
			isa = XCBuildConfiguration;
			buildSettings = {
				ASSETCATALOG_COMPILER_APPICON_NAME = AppIcon;
				ASSETCATALOG_COMPILER_GLOBAL_ACCENT_COLOR_NAME = AccentColor;
				CODE_SIGN_STYLE = Automatic;
				DEVELOPMENT_TEAM = 445LZL99JS;
				INFOPLIST_FILE = Uber/Info.plist;
				LD_RUNPATH_SEARCH_PATHS = (
					"$(inherited)",
					"@executable_path/Frameworks",
				);
				PRODUCT_BUNDLE_IDENTIFIER = com.project.uber;
				PRODUCT_NAME = "$(TARGET_NAME)";
				SWIFT_VERSION = 5.0;
				TARGETED_DEVICE_FAMILY = "1,2";
			};
			name = Release;
		};
/* End XCBuildConfiguration section */

/* Begin XCConfigurationList section */
		98E9014E2924E3A0003F8ABF /* Build configuration list for PBXProject "Uber" */ = {
			isa = XCConfigurationList;
			buildConfigurations = (
				98E901652924E3A5003F8ABF /* Debug */,
				98E901662924E3A5003F8ABF /* Release */,
			);
			defaultConfigurationIsVisible = 0;
			defaultConfigurationName = Release;
		};
		98E901672924E3A5003F8ABF /* Build configuration list for PBXNativeTarget "Uber" */ = {
			isa = XCConfigurationList;
			buildConfigurations = (
				98E901682924E3A5003F8ABF /* Debug */,
				98E901692924E3A5003F8ABF /* Release */,
			);
			defaultConfigurationIsVisible = 0;
			defaultConfigurationName = Release;
		};
/* End XCConfigurationList section */

/* Begin XCRemoteSwiftPackageReference section */
		9842F0342932C78000AD73D8 /* XCRemoteSwiftPackageReference "CHIOTPField" */ = {
			isa = XCRemoteSwiftPackageReference;
			repositoryURL = "https://github.com/ChiliLabs/CHIOTPField.git";
			requirement = {
				kind = upToNextMajorVersion;
				minimumVersion = 0.1.0;
			};
		};
		98E6D65F2936228E0056F7DA /* XCRemoteSwiftPackageReference "firebase-ios-sdk" */ = {
			isa = XCRemoteSwiftPackageReference;
			repositoryURL = "https://github.com/firebase/firebase-ios-sdk";
			requirement = {
				kind = upToNextMajorVersion;
				minimumVersion = 7.0.0;
			};
		};
		98FCCDCB29365444008AAF61 /* XCRemoteSwiftPackageReference "geofire-objc" */ = {
			isa = XCRemoteSwiftPackageReference;
			repositoryURL = "https://github.com/firebase/geofire-objc";
			requirement = {
				kind = upToNextMajorVersion;
				minimumVersion = 4.3.0;
			};
		};
/* End XCRemoteSwiftPackageReference section */

/* Begin XCSwiftPackageProductDependency section */
		9842F0352932C78000AD73D8 /* CHIOTPField */ = {
			isa = XCSwiftPackageProductDependency;
			package = 9842F0342932C78000AD73D8 /* XCRemoteSwiftPackageReference "CHIOTPField" */;
			productName = CHIOTPField;
		};
		98E6D6602936228E0056F7DA /* FirebaseAnalytics */ = {
			isa = XCSwiftPackageProductDependency;
			package = 98E6D65F2936228E0056F7DA /* XCRemoteSwiftPackageReference "firebase-ios-sdk" */;
			productName = FirebaseAnalytics;
		};
		98E6D6622936228E0056F7DA /* FirebaseStorage */ = {
			isa = XCSwiftPackageProductDependency;
			package = 98E6D65F2936228E0056F7DA /* XCRemoteSwiftPackageReference "firebase-ios-sdk" */;
			productName = FirebaseStorage;
		};
		98E6D6642936228E0056F7DA /* FirebaseAuth */ = {
			isa = XCSwiftPackageProductDependency;
			package = 98E6D65F2936228E0056F7DA /* XCRemoteSwiftPackageReference "firebase-ios-sdk" */;
			productName = FirebaseAuth;
		};
		98E6D6662936228E0056F7DA /* FirebaseFirestore */ = {
			isa = XCSwiftPackageProductDependency;
			package = 98E6D65F2936228E0056F7DA /* XCRemoteSwiftPackageReference "firebase-ios-sdk" */;
			productName = FirebaseFirestore;
		};
		98E6D6682936228E0056F7DA /* FirebaseDatabase */ = {
			isa = XCSwiftPackageProductDependency;
			package = 98E6D65F2936228E0056F7DA /* XCRemoteSwiftPackageReference "firebase-ios-sdk" */;
			productName = FirebaseDatabase;
		};
		98FCCDCC29365444008AAF61 /* GeoFire */ = {
			isa = XCSwiftPackageProductDependency;
			package = 98FCCDCB29365444008AAF61 /* XCRemoteSwiftPackageReference "geofire-objc" */;
			productName = GeoFire;
		};
/* End XCSwiftPackageProductDependency section */
	};
	rootObject = 98E9014B2924E3A0003F8ABF /* Project object */;
}
